
Microsoft Visual Studio Solution File, Format Version 11.00
# Visual Studio 2010
Project("{FAE04EC0-301F-11D3-BF4B-00C04F79EFBC}") = "Windows", "Windows\Windows.csproj", "{D4A4F479-6E07-41CB-9EE3-57336F40654E}"
	ProjectSection(ProjectDependencies) = postProject
		{07ACE179-226E-48C8-9643-C91BE3A5FCF4} = {07ACE179-226E-48C8-9643-C91BE3A5FCF4}
	EndProjectSection
EndProject
Project("{FAE04EC0-301F-11D3-BF4B-00C04F79EFBC}") = "Core", "Core\Core.csproj", "{DF5769AC-B714-40C3-810C-D5FEC39C461A}"
	ProjectSection(ProjectDependencies) = postProject
		{07ACE179-226E-48C8-9643-C91BE3A5FCF4} = {07ACE179-226E-48C8-9643-C91BE3A5FCF4}
	EndProjectSection
EndProject
Project("{FAE04EC0-301F-11D3-BF4B-00C04F79EFBC}") = "(SolutionBuildEvent)", "(SolutionBuildEvent)\(SolutionBuildEvent).csproj", "{07ACE179-226E-48C8-9643-C91BE3A5FCF4}"
EndProject
Project("{FAE04EC0-301F-11D3-BF4B-00C04F79EFBC}") = "Core.Tests", "Core.Tests\Core.Tests.csproj", "{2F2F653B-751B-4B31-A6C4-C050D1472D61}"
	ProjectSection(ProjectDependencies) = postProject
		{07ACE179-226E-48C8-9643-C91BE3A5FCF4} = {07ACE179-226E-48C8-9643-C91BE3A5FCF4}
	EndProjectSection
EndProject
Global
	GlobalSection(SolutionConfigurationPlatforms) = preSolution
		Debug|Any CPU = Debug|Any CPU
		Release|Any CPU = Release|Any CPU
	EndGlobalSection
	GlobalSection(ProjectConfigurationPlatforms) = postSolution
		{D4A4F479-6E07-41CB-9EE3-57336F40654E}.Debug|Any CPU.ActiveCfg = Debug|Any CPU
		{D4A4F479-6E07-41CB-9EE3-57336F40654E}.Debug|Any CPU.Build.0 = Debug|Any CPU
		{D4A4F479-6E07-41CB-9EE3-57336F40654E}.Release|Any CPU.ActiveCfg = Release|Any CPU
		{D4A4F479-6E07-41CB-9EE3-57336F40654E}.Release|Any CPU.Build.0 = Release|Any CPU
		{DF5769AC-B714-40C3-810C-D5FEC39C461A}.Debug|Any CPU.ActiveCfg = Debug|Any CPU
		{DF5769AC-B714-40C3-810C-D5FEC39C461A}.Debug|Any CPU.Build.0 = Debug|Any CPU
		{DF5769AC-B714-40C3-810C-D5FEC39C461A}.Release|Any CPU.ActiveCfg = Release|Any CPU
		{DF5769AC-B714-40C3-810C-D5FEC39C461A}.Release|Any CPU.Build.0 = Release|Any CPU
		{07ACE179-226E-48C8-9643-C91BE3A5FCF4}.Debug|Any CPU.ActiveCfg = Debug|Any CPU
		{07ACE179-226E-48C8-9643-C91BE3A5FCF4}.Debug|Any CPU.Build.0 = Debug|Any CPU
		{07ACE179-226E-48C8-9643-C91BE3A5FCF4}.Release|Any CPU.ActiveCfg = Release|Any CPU
		{07ACE179-226E-48C8-9643-C91BE3A5FCF4}.Release|Any CPU.Build.0 = Release|Any CPU
		{2F2F653B-751B-4B31-A6C4-C050D1472D61}.Debug|Any CPU.ActiveCfg = Debug|Any CPU
		{2F2F653B-751B-4B31-A6C4-C050D1472D61}.Debug|Any CPU.Build.0 = Debug|Any CPU
		{2F2F653B-751B-4B31-A6C4-C050D1472D61}.Release|Any CPU.ActiveCfg = Release|Any CPU
		{2F2F653B-751B-4B31-A6C4-C050D1472D61}.Release|Any CPU.Build.0 = Release|Any CPU
	EndGlobalSection
	GlobalSection(SolutionProperties) = preSolution
		HideSolutionNode = FALSE
	EndGlobalSection
EndGlobal
